
Microsoft Visual Studio Solution File, Format Version 12.00
# Visual Studio Version 17
VisualStudioVersion = 17.8.34322.80
MinimumVisualStudioVersion = 10.0.40219.1
Project("{FAE04EC0-301F-11D3-BF4B-00C04F79EFBC}") = "Progonka3", "Progonka3\Progonka3.csproj", "{3D45DD48-BDA9-4FF4-A431-8B1F09810AD3}"
EndProject
Global
	GlobalSection(SolutionConfigurationPlatforms) = preSolution
		Debug|Any CPU = Debug|Any CPU
		Release|Any CPU = Release|Any CPU
	EndGlobalSection
	GlobalSection(ProjectConfigurationPlatforms) = postSolution
		{3D45DD48-BDA9-4FF4-A431-8B1F09810AD3}.Debug|Any CPU.ActiveCfg = Debug|Any CPU
		{3D45DD48-BDA9-4FF4-A431-8B1F09810AD3}.Debug|Any CPU.Build.0 = Debug|Any CPU
		{3D45DD48-BDA9-4FF4-A431-8B1F09810AD3}.Release|Any CPU.ActiveCfg = Release|Any CPU
		{3D45DD48-BDA9-4FF4-A431-8B1F09810AD3}.Release|Any CPU.Build.0 = Release|Any CPU
	EndGlobalSection
	GlobalSection(SolutionProperties) = preSolution
		HideSolutionNode = FALSE
	EndGlobalSection
	GlobalSection(ExtensibilityGlobals) = postSolution
		SolutionGuid = {AF72B3D4-59F3-4B73-B950-EF2C6AF5A0D7}
	EndGlobalSection
EndGlobal
